// !$*UTF8*$!
{
	archiveVersion = 1;
	classes = {
	};
	objectVersion = 77;
	objects = {

/* Begin PBXBuildFile section */
		CE5F035A2E90173A004E65F1 /* AppsFlyerLib-Static in Frameworks */ = {isa = PBXBuildFile; productRef = CE5F03592E90173A004E65F1 /* AppsFlyerLib-Static */; };
		CE7115A62E6F181600BFCB5A /* LaunchScreen.storyboard in Resources */ = {isa = PBXBuildFile; fileRef = CE7115A52E6F181600BFCB5A /* LaunchScreen.storyboard */; };
		FA5B544B2F8565D00090E5C9 /* InputScreenView.swift in Sources */ = {isa = PBXBuildFile; fileRef = FA5B54422F8565D00090E5C9 /* InputScreenView.swift */; };
		FA5B544C2F8565D00090E5C9 /* ConsolasFont+Extension.swift in Sources */ = {isa = PBXBuildFile; fileRef = FA5B54322F8565D00090E5C9 /* ConsolasFont+Extension.swift */; };
		FA5B544D2F8565D00090E5C9 /* NotificationManager.swift in Sources */ = {isa = PBXBuildFile; fileRef = FA5B54332F8565D00090E5C9 /* NotificationManager.swift */; };
		FA5B544E2F8565D00090E5C9 /* ConsoleScreenView.swift in Sources */ = {isa = PBXBuildFile; fileRef = FA5B54402F8565D00090E5C9 /* ConsoleScreenView.swift */; };
		FA5B544F2F8565D00090E5C9 /* ShopScreenView.swift in Sources */ = {isa = PBXBuildFile; fileRef = FA5B54452F8565D00090E5C9 /* ShopScreenView.swift */; };
		FA5B54502F8565D00090E5C9 /* ContentView.swift in Sources */ = {isa = PBXBuildFile; fileRef = FA5B54412F8565D00090E5C9 /* ContentView.swift */; };
		FA5B54512F8565D00090E5C9 /* SoundManager.swift in Sources */ = {isa = PBXBuildFile; fileRef = FA5B543C2F8565D00090E5C9 /* SoundManager.swift */; };
		FA5B54522F8565D00090E5C9 /* MissionsScreenView.swift in Sources */ = {isa = PBXBuildFile; fileRef = FA5B54432F8565D00090E5C9 /* MissionsScreenView.swift */; };
		FA5B54532F8565D00090E5C9 /* ShiftDaySummary.swift in Sources */ = {isa = PBXBuildFile; fileRef = FA5B54352F8565D00090E5C9 /* ShiftDaySummary.swift */; };
		FA5B54542F8565D00090E5C9 /* TransactionRecord.swift in Sources */ = {isa = PBXBuildFile; fileRef = FA5B54372F8565D00090E5C9 /* TransactionRecord.swift */; };
		FA5B54552F8565D00090E5C9 /* Colors+Extension.swift in Sources */ = {isa = PBXBuildFile; fileRef = FA5B54312F8565D00090E5C9 /* Colors+Extension.swift */; };
		FA5B54562F8565D00090E5C9 /* RootTabBarView.swift in Sources */ = {isa = PBXBuildFile; fileRef = FA5B54442F8565D00090E5C9 /* RootTabBarView.swift */; };
		FA5B54572F8565D00090E5C9 /* AppContentView.swift in Sources */ = {isa = PBXBuildFile; fileRef = FA5B542F2F8565D00090E5C9 /* AppContentView.swift */; };
		FA5B54582F8565D00090E5C9 /* StatsScreenView.swift in Sources */ = {isa = PBXBuildFile; fileRef = FA5B54462F8565D00090E5C9 /* StatsScreenView.swift */; };
		FA5B54592F8565D00090E5C9 /* ScreenHeaderView.swift in Sources */ = {isa = PBXBuildFile; fileRef = FA5B543E2F8565D00090E5C9 /* ScreenHeaderView.swift */; };
		FA5B545A2F8565D00090E5C9 /* StationState.swift in Sources */ = {isa = PBXBuildFile; fileRef = FA5B54362F8565D00090E5C9 /* StationState.swift */; };
		FA5B545B2F8565D00090E5C9 /* sfx_coil_rotate.wav in Resources */ = {isa = PBXBuildFile; fileRef = FA5B54392F8565D00090E5C9 /* sfx_coil_rotate.wav */; };
		FA5B545C2F8565D00090E5C9 /* sfx_lever_step.wav in Resources */ = {isa = PBXBuildFile; fileRef = FA5B543A2F8565D00090E5C9 /* sfx_lever_step.wav */; };
		FA5B545D2F8565D00090E5C9 /* sfx_point_click.wav in Resources */ = {isa = PBXBuildFile; fileRef = FA5B543B2F8565D00090E5C9 /* sfx_point_click.wav */; };
		FA5B545E2F8565D00090E5C9 /* Assets.xcassets in Resources */ = {isa = PBXBuildFile; fileRef = FA5B54492F8565D00090E5C9 /* Assets.xcassets */; };
/* End PBXBuildFile section */

/* Begin PBXCopyFilesBuildPhase section */
		CE71156C2E6F168000BFCB5A /* Embed Foundation Extensions */ = {
			isa = PBXCopyFilesBuildPhase;
			buildActionMask = 2147483647;
			dstPath = "";
			dstSubfolderSpec = 13;
			files = (
			);
			name = "Embed Foundation Extensions";
			runOnlyForDeploymentPostprocessing = 0;
		};
/* End PBXCopyFilesBuildPhase section */

/* Begin PBXFileReference section */
		CE7115342E6F0AB000BFCB5A /* AppTemplate.app */ = {isa = PBXFileReference; explicitFileType = wrapper.application; includeInIndex = 0; path = AppTemplate.app; sourceTree = BUILT_PRODUCTS_DIR; };
		CE7115A42E6F181600BFCB5A /* LaunchScreen.storyboard */ = {isa = PBXFileReference; lastKnownFileType = file.storyboard; name = LaunchScreen.storyboard; path = Base.lproj/LaunchScreen.storyboard; sourceTree = "<group>"; };
		CEF3187B2E72A659004E27D7 /* UserNotifications.framework */ = {isa = PBXFileReference; lastKnownFileType = wrapper.framework; name = UserNotifications.framework; path = System/Library/Frameworks/UserNotifications.framework; sourceTree = SDKROOT; };
		FA5B542F2F8565D00090E5C9 /* AppContentView.swift */ = {isa = PBXFileReference; lastKnownFileType = sourcecode.swift; path = AppContentView.swift; sourceTree = "<group>"; };
		FA5B54312F8565D00090E5C9 /* Colors+Extension.swift */ = {isa = PBXFileReference; lastKnownFileType = sourcecode.swift; path = "Colors+Extension.swift"; sourceTree = "<group>"; };
		FA5B54322F8565D00090E5C9 /* ConsolasFont+Extension.swift */ = {isa = PBXFileReference; lastKnownFileType = sourcecode.swift; path = "ConsolasFont+Extension.swift"; sourceTree = "<group>"; };
		FA5B54332F8565D00090E5C9 /* NotificationManager.swift */ = {isa = PBXFileReference; lastKnownFileType = sourcecode.swift; path = NotificationManager.swift; sourceTree = "<group>"; };
		FA5B54352F8565D00090E5C9 /* ShiftDaySummary.swift */ = {isa = PBXFileReference; lastKnownFileType = sourcecode.swift; path = ShiftDaySummary.swift; sourceTree = "<group>"; };
		FA5B54362F8565D00090E5C9 /* StationState.swift */ = {isa = PBXFileReference; lastKnownFileType = sourcecode.swift; path = StationState.swift; sourceTree = "<group>"; };
		FA5B54372F8565D00090E5C9 /* TransactionRecord.swift */ = {isa = PBXFileReference; lastKnownFileType = sourcecode.swift; path = TransactionRecord.swift; sourceTree = "<group>"; };
		FA5B54392F8565D00090E5C9 /* sfx_coil_rotate.wav */ = {isa = PBXFileReference; lastKnownFileType = audio.wav; path = sfx_coil_rotate.wav; sourceTree = "<group>"; };
		FA5B543A2F8565D00090E5C9 /* sfx_lever_step.wav */ = {isa = PBXFileReference; lastKnownFileType = audio.wav; path = sfx_lever_step.wav; sourceTree = "<group>"; };
		FA5B543B2F8565D00090E5C9 /* sfx_point_click.wav */ = {isa = PBXFileReference; lastKnownFileType = audio.wav; path = sfx_point_click.wav; sourceTree = "<group>"; };
		FA5B543C2F8565D00090E5C9 /* SoundManager.swift */ = {isa = PBXFileReference; lastKnownFileType = sourcecode.swift; path = SoundManager.swift; sourceTree = "<group>"; };
		FA5B543E2F8565D00090E5C9 /* ScreenHeaderView.swift */ = {isa = PBXFileReference; lastKnownFileType = sourcecode.swift; path = ScreenHeaderView.swift; sourceTree = "<group>"; };
		FA5B54402F8565D00090E5C9 /* ConsoleScreenView.swift */ = {isa = PBXFileReference; lastKnownFileType = sourcecode.swift; path = ConsoleScreenView.swift; sourceTree = "<group>"; };
		FA5B54412F8565D00090E5C9 /* ContentView.swift */ = {isa = PBXFileReference; lastKnownFileType = sourcecode.swift; path = ContentView.swift; sourceTree = "<group>"; };
		FA5B54422F8565D00090E5C9 /* InputScreenView.swift */ = {isa = PBXFileReference; lastKnownFileType = sourcecode.swift; path = InputScreenView.swift; sourceTree = "<group>"; };
		FA5B54432F8565D00090E5C9 /* MissionsScreenView.swift */ = {isa = PBXFileReference; lastKnownFileType = sourcecode.swift; path = MissionsScreenView.swift; sourceTree = "<group>"; };
		FA5B54442F8565D00090E5C9 /* RootTabBarView.swift */ = {isa = PBXFileReference; lastKnownFileType = sourcecode.swift; path = RootTabBarView.swift; sourceTree = "<group>"; };
		FA5B54452F8565D00090E5C9 /* ShopScreenView.swift */ = {isa = PBXFileReference; lastKnownFileType = sourcecode.swift; path = ShopScreenView.swift; sourceTree = "<group>"; };
		FA5B54462F8565D00090E5C9 /* StatsScreenView.swift */ = {isa = PBXFileReference; lastKnownFileType = sourcecode.swift; path = StatsScreenView.swift; sourceTree = "<group>"; };
		FA5B54492F8565D00090E5C9 /* Assets.xcassets */ = {isa = PBXFileReference; lastKnownFileType = folder.assetcatalog; path = Assets.xcassets; sourceTree = "<group>"; };
/* End PBXFileReference section */

/* Begin PBXFileSystemSynchronizedRootGroup section */
		CE7115362E6F0AB000BFCB5A /* AppTemplate */ = {
			isa = PBXFileSystemSynchronizedRootGroup;
			path = AppTemplate;
			sourceTree = "<group>";
		};
		CE9DBAB62E9014FA0065A837 /* AppsFlyer */ = {
			isa = PBXFileSystemSynchronizedRootGroup;
			path = AppsFlyer;
			sourceTree = "<group>";
		};
/* End PBXFileSystemSynchronizedRootGroup section */

/* Begin PBXFrameworksBuildPhase section */
		CE7115312E6F0AB000BFCB5A /* Frameworks */ = {
			isa = PBXFrameworksBuildPhase;
			buildActionMask = 2147483647;
			files = (
				CE5F035A2E90173A004E65F1 /* AppsFlyerLib-Static in Frameworks */,
			);
			runOnlyForDeploymentPostprocessing = 0;
		};
/* End PBXFrameworksBuildPhase section */

/* Begin PBXGroup section */
		CE71152B2E6F0AB000BFCB5A = {
			isa = PBXGroup;
			children = (
				FA5B544A2F8565D00090E5C9 /* MercuryFinancialStation */,
				CE9DBAB62E9014FA0065A837 /* AppsFlyer */,
				CE7115A52E6F181600BFCB5A /* LaunchScreen.storyboard */,
				CE7115362E6F0AB000BFCB5A /* AppTemplate */,
				CE7115352E6F0AB000BFCB5A /* Products */,
				CEF3187A2E72A659004E27D7 /* Frameworks */,
			);
			sourceTree = "<group>";
		};
		CE7115352E6F0AB000BFCB5A /* Products */ = {
			isa = PBXGroup;
			children = (
				CE7115342E6F0AB000BFCB5A /* AppTemplate.app */,
			);
			name = Products;
			sourceTree = "<group>";
		};
		CEF3187A2E72A659004E27D7 /* Frameworks */ = {
			isa = PBXGroup;
			children = (
				CEF3187B2E72A659004E27D7 /* UserNotifications.framework */,
			);
			name = Frameworks;
			sourceTree = "<group>";
		};
		FA5B54302F8565D00090E5C9 /* App */ = {
			isa = PBXGroup;
			children = (
				FA5B542F2F8565D00090E5C9 /* AppContentView.swift */,
			);
			path = App;
			sourceTree = "<group>";
		};
		FA5B54342F8565D00090E5C9 /* helpers */ = {
			isa = PBXGroup;
			children = (
				FA5B54312F8565D00090E5C9 /* Colors+Extension.swift */,
				FA5B54322F8565D00090E5C9 /* ConsolasFont+Extension.swift */,
				FA5B54332F8565D00090E5C9 /* NotificationManager.swift */,
			);
			path = helpers;
			sourceTree = "<group>";
		};
		FA5B54382F8565D00090E5C9 /* Model */ = {
			isa = PBXGroup;
			children = (
				FA5B54352F8565D00090E5C9 /* ShiftDaySummary.swift */,
				FA5B54362F8565D00090E5C9 /* StationState.swift */,
				FA5B54372F8565D00090E5C9 /* TransactionRecord.swift */,
			);
			path = Model;
			sourceTree = "<group>";
		};
		FA5B543D2F8565D00090E5C9 /* Sounds */ = {
			isa = PBXGroup;
			children = (
				FA5B54392F8565D00090E5C9 /* sfx_coil_rotate.wav */,
				FA5B543A2F8565D00090E5C9 /* sfx_lever_step.wav */,
				FA5B543B2F8565D00090E5C9 /* sfx_point_click.wav */,
				FA5B543C2F8565D00090E5C9 /* SoundManager.swift */,
			);
			path = Sounds;
			sourceTree = "<group>";
		};
		FA5B543F2F8565D00090E5C9 /* Components */ = {
			isa = PBXGroup;
			children = (
				FA5B543E2F8565D00090E5C9 /* ScreenHeaderView.swift */,
			);
			path = Components;
			sourceTree = "<group>";
		};
		FA5B54472F8565D00090E5C9 /* Screens */ = {
			isa = PBXGroup;
			children = (
				FA5B54402F8565D00090E5C9 /* ConsoleScreenView.swift */,
				FA5B54412F8565D00090E5C9 /* ContentView.swift */,
				FA5B54422F8565D00090E5C9 /* InputScreenView.swift */,
				FA5B54432F8565D00090E5C9 /* MissionsScreenView.swift */,
				FA5B54442F8565D00090E5C9 /* RootTabBarView.swift */,
				FA5B54452F8565D00090E5C9 /* ShopScreenView.swift */,
				FA5B54462F8565D00090E5C9 /* StatsScreenView.swift */,
			);
			path = Screens;
			sourceTree = "<group>";
		};
		FA5B54482F8565D00090E5C9 /* View */ = {
			isa = PBXGroup;
			children = (
				FA5B543F2F8565D00090E5C9 /* Components */,
				FA5B54472F8565D00090E5C9 /* Screens */,
			);
			path = View;
			sourceTree = "<group>";
		};
		FA5B544A2F8565D00090E5C9 /* MercuryFinancialStation */ = {
			isa = PBXGroup;
			children = (
				FA5B54302F8565D00090E5C9 /* App */,
				FA5B54342F8565D00090E5C9 /* helpers */,
				FA5B54382F8565D00090E5C9 /* Model */,
				FA5B543D2F8565D00090E5C9 /* Sounds */,
				FA5B54482F8565D00090E5C9 /* View */,
				FA5B54492F8565D00090E5C9 /* Assets.xcassets */,
			);
			path = MercuryFinancialStation;
			sourceTree = "<group>";
		};
/* End PBXGroup section */

/* Begin PBXNativeTarget section */
		CE7115332E6F0AB000BFCB5A /* AppTemplate */ = {
			isa = PBXNativeTarget;
			buildConfigurationList = CE71154B2E6F0AB400BFCB5A /* Build configuration list for PBXNativeTarget "AppTemplate" */;
			buildPhases = (
				CE7115302E6F0AB000BFCB5A /* Sources */,
				CE7115312E6F0AB000BFCB5A /* Frameworks */,
				CE7115322E6F0AB000BFCB5A /* Resources */,
				CE71156C2E6F168000BFCB5A /* Embed Foundation Extensions */,
			);
			buildRules = (
			);
			dependencies = (
			);
			fileSystemSynchronizedGroups = (
				CE7115362E6F0AB000BFCB5A /* AppTemplate */,
				CE9DBAB62E9014FA0065A837 /* AppsFlyer */,
			);
			name = AppTemplate;
			packageProductDependencies = (
				CE5F03592E90173A004E65F1 /* AppsFlyerLib-Static */,
			);
			productName = AppTemplate;
			productReference = CE7115342E6F0AB000BFCB5A /* AppTemplate.app */;
			productType = "com.apple.product-type.application";
		};
/* End PBXNativeTarget section */

/* Begin PBXProject section */
		CE71152C2E6F0AB000BFCB5A /* Project object */ = {
			isa = PBXProject;
			attributes = {
				BuildIndependentTargetsInParallel = 1;
				LastSwiftUpdateCheck = 1640;
				LastUpgradeCheck = 1640;
				TargetAttributes = {
					CE7115332E6F0AB000BFCB5A = {
						CreatedOnToolsVersion = 16.4;
					};
				};
			};
			buildConfigurationList = CE71152F2E6F0AB000BFCB5A /* Build configuration list for PBXProject "AppTemplate" */;
			developmentRegion = en;
			hasScannedForEncodings = 0;
			knownRegions = (
				en,
				Base,
			);
			mainGroup = CE71152B2E6F0AB000BFCB5A;
			minimizedProjectReferenceProxies = 1;
			packageReferences = (
				CE5F03582E90173A004E65F1 /* XCRemoteSwiftPackageReference "AppsFlyerFramework-Static" */,
			);
			preferredProjectObjectVersion = 77;
			productRefGroup = CE7115352E6F0AB000BFCB5A /* Products */;
			projectDirPath = "";
			projectRoot = "";
			targets = (
				CE7115332E6F0AB000BFCB5A /* AppTemplate */,
			);
		};
/* End PBXProject section */

/* Begin PBXResourcesBuildPhase section */
		CE7115322E6F0AB000BFCB5A /* Resources */ = {
			isa = PBXResourcesBuildPhase;
			buildActionMask = 2147483647;
			files = (
				CE7115A62E6F181600BFCB5A /* LaunchScreen.storyboard in Resources */,
				FA5B545B2F8565D00090E5C9 /* sfx_coil_rotate.wav in Resources */,
				FA5B545C2F8565D00090E5C9 /* sfx_lever_step.wav in Resources */,
				FA5B545D2F8565D00090E5C9 /* sfx_point_click.wav in Resources */,
				FA5B545E2F8565D00090E5C9 /* Assets.xcassets in Resources */,
			);
			runOnlyForDeploymentPostprocessing = 0;
		};
/* End PBXResourcesBuildPhase section */

/* Begin PBXSourcesBuildPhase section */
		CE7115302E6F0AB000BFCB5A /* Sources */ = {
			isa = PBXSourcesBuildPhase;
			buildActionMask = 2147483647;
			files = (
				FA5B544B2F8565D00090E5C9 /* InputScreenView.swift in Sources */,
				FA5B544C2F8565D00090E5C9 /* ConsolasFont+Extension.swift in Sources */,
				FA5B544D2F8565D00090E5C9 /* NotificationManager.swift in Sources */,
				FA5B544E2F8565D00090E5C9 /* ConsoleScreenView.swift in Sources */,
				FA5B544F2F8565D00090E5C9 /* ShopScreenView.swift in Sources */,
				FA5B54502F8565D00090E5C9 /* ContentView.swift in Sources */,
				FA5B54512F8565D00090E5C9 /* SoundManager.swift in Sources */,
				FA5B54522F8565D00090E5C9 /* MissionsScreenView.swift in Sources */,
				FA5B54532F8565D00090E5C9 /* ShiftDaySummary.swift in Sources */,
				FA5B54542F8565D00090E5C9 /* TransactionRecord.swift in Sources */,
				FA5B54552F8565D00090E5C9 /* Colors+Extension.swift in Sources */,
				FA5B54562F8565D00090E5C9 /* RootTabBarView.swift in Sources */,
				FA5B54572F8565D00090E5C9 /* AppContentView.swift in Sources */,
				FA5B54582F8565D00090E5C9 /* StatsScreenView.swift in Sources */,
				FA5B54592F8565D00090E5C9 /* ScreenHeaderView.swift in Sources */,
				FA5B545A2F8565D00090E5C9 /* StationState.swift in Sources */,
			);
			runOnlyForDeploymentPostprocessing = 0;
		};
/* End PBXSourcesBuildPhase section */

/* Begin PBXVariantGroup section */
		CE7115A52E6F181600BFCB5A /* LaunchScreen.storyboard */ = {
			isa = PBXVariantGroup;
			children = (
				CE7115A42E6F181600BFCB5A /* LaunchScreen.storyboard */,
			);
			name = LaunchScreen.storyboard;
			sourceTree = "<group>";
		};
/* End PBXVariantGroup section */

/* Begin XCBuildConfiguration section */
		CE7115492E6F0AB400BFCB5A /* Debug */ = {
			isa = XCBuildConfiguration;
			buildSettings = {
				ALWAYS_SEARCH_USER_PATHS = NO;
				ASSETCATALOG_COMPILER_GENERATE_SWIFT_ASSET_SYMBOL_EXTENSIONS = YES;
				CLANG_ANALYZER_NONNULL = YES;
				CLANG_ANALYZER_NUMBER_OBJECT_CONVERSION = YES_AGGRESSIVE;
				CLANG_CXX_LANGUAGE_STANDARD = "gnu++20";
				CLANG_ENABLE_MODULES = YES;
				CLANG_ENABLE_OBJC_ARC = YES;
				CLANG_ENABLE_OBJC_WEAK = YES;
				CLANG_WARN_BLOCK_CAPTURE_AUTORELEASING = YES;
				CLANG_WARN_BOOL_CONVERSION = YES;
				CLANG_WARN_COMMA = YES;
				CLANG_WARN_CONSTANT_CONVERSION = YES;
				CLANG_WARN_DEPRECATED_OBJC_IMPLEMENTATIONS = YES;
				CLANG_WARN_DIRECT_OBJC_ISA_USAGE = YES_ERROR;
				CLANG_WARN_DOCUMENTATION_COMMENTS = YES;
				CLANG_WARN_EMPTY_BODY = YES;
				CLANG_WARN_ENUM_CONVERSION = YES;
				CLANG_WARN_INFINITE_RECURSION = YES;
				CLANG_WARN_INT_CONVERSION = YES;
				CLANG_WARN_NON_LITERAL_NULL_CONVERSION = YES;
				CLANG_WARN_OBJC_IMPLICIT_RETAIN_SELF = YES;
				CLANG_WARN_OBJC_LITERAL_CONVERSION = YES;
				CLANG_WARN_OBJC_ROOT_CLASS = YES_ERROR;
				CLANG_WARN_QUOTED_INCLUDE_IN_FRAMEWORK_HEADER = YES;
				CLANG_WARN_RANGE_LOOP_ANALYSIS = YES;
				CLANG_WARN_STRICT_PROTOTYPES = YES;
				CLANG_WARN_SUSPICIOUS_MOVE = YES;
				CLANG_WARN_UNGUARDED_AVAILABILITY = YES_AGGRESSIVE;
				CLANG_WARN_UNREACHABLE_CODE = YES;
				CLANG_WARN__DUPLICATE_METHOD_MATCH = YES;
				CODE_SIGN_ENTITLEMENTS = /Users/user/Documents/Sources/AppTemplate/Entitlements.entitlements;
				COPY_PHASE_STRIP = NO;
				DEBUG_INFORMATION_FORMAT = dwarf;
				ENABLE_STRICT_OBJC_MSGSEND = YES;
				ENABLE_TESTABILITY = YES;
				ENABLE_USER_SCRIPT_SANDBOXING = YES;
				GCC_C_LANGUAGE_STANDARD = gnu17;
				GCC_DYNAMIC_NO_PIC = NO;
				GCC_NO_COMMON_BLOCKS = YES;
				GCC_OPTIMIZATION_LEVEL = 0;
				GCC_PREPROCESSOR_DEFINITIONS = (
					"DEBUG=1",
					"$(inherited)",
				);
				GCC_WARN_64_TO_32_BIT_CONVERSION = YES;
				GCC_WARN_ABOUT_RETURN_TYPE = YES_ERROR;
				GCC_WARN_UNDECLARED_SELECTOR = YES;
				GCC_WARN_UNINITIALIZED_AUTOS = YES_AGGRESSIVE;
				GCC_WARN_UNUSED_FUNCTION = YES;
				GCC_WARN_UNUSED_VARIABLE = YES;
				IPHONEOS_DEPLOYMENT_TARGET = 18.5;
				LOCALIZATION_PREFERS_STRING_CATALOGS = YES;
				MTL_ENABLE_DEBUG_INFO = INCLUDE_SOURCE;
				MTL_FAST_MATH = YES;
				ONLY_ACTIVE_ARCH = YES;
				SDKROOT = iphoneos;
				SWIFT_ACTIVE_COMPILATION_CONDITIONS = "DEBUG $(inherited)";
				SWIFT_OPTIMIZATION_LEVEL = "-Onone";
			};
			name = Debug;
		};
		CE71154A2E6F0AB400BFCB5A /* Release */ = {
			isa = XCBuildConfiguration;
			buildSettings = {
				ALWAYS_SEARCH_USER_PATHS = NO;
				ASSETCATALOG_COMPILER_GENERATE_SWIFT_ASSET_SYMBOL_EXTENSIONS = YES;
				CLANG_ANALYZER_NONNULL = YES;
				CLANG_ANALYZER_NUMBER_OBJECT_CONVERSION = YES_AGGRESSIVE;
				CLANG_CXX_LANGUAGE_STANDARD = "gnu++20";
				CLANG_ENABLE_MODULES = YES;
				CLANG_ENABLE_OBJC_ARC = YES;
				CLANG_ENABLE_OBJC_WEAK = YES;
				CLANG_WARN_BLOCK_CAPTURE_AUTORELEASING = YES;
				CLANG_WARN_BOOL_CONVERSION = YES;
				CLANG_WARN_COMMA = YES;
				CLANG_WARN_CONSTANT_CONVERSION = YES;
				CLANG_WARN_DEPRECATED_OBJC_IMPLEMENTATIONS = YES;
				CLANG_WARN_DIRECT_OBJC_ISA_USAGE = YES_ERROR;
				CLANG_WARN_DOCUMENTATION_COMMENTS = YES;
				CLANG_WARN_EMPTY_BODY = YES;
				CLANG_WARN_ENUM_CONVERSION = YES;
				CLANG_WARN_INFINITE_RECURSION = YES;
				CLANG_WARN_INT_CONVERSION = YES;
				CLANG_WARN_NON_LITERAL_NULL_CONVERSION = YES;
				CLANG_WARN_OBJC_IMPLICIT_RETAIN_SELF = YES;
				CLANG_WARN_OBJC_LITERAL_CONVERSION = YES;
				CLANG_WARN_OBJC_ROOT_CLASS = YES_ERROR;
				CLANG_WARN_QUOTED_INCLUDE_IN_FRAMEWORK_HEADER = YES;
				CLANG_WARN_RANGE_LOOP_ANALYSIS = YES;
				CLANG_WARN_STRICT_PROTOTYPES = YES;
				CLANG_WARN_SUSPICIOUS_MOVE = YES;
				CLANG_WARN_UNGUARDED_AVAILABILITY = YES_AGGRESSIVE;
				CLANG_WARN_UNREACHABLE_CODE = YES;
				CLANG_WARN__DUPLICATE_METHOD_MATCH = YES;
				CODE_SIGN_ENTITLEMENTS = /Users/user/Documents/Sources/AppTemplate/Entitlements.entitlements;
				COPY_PHASE_STRIP = NO;
				DEBUG_INFORMATION_FORMAT = "dwarf-with-dsym";
				ENABLE_NS_ASSERTIONS = NO;
				ENABLE_STRICT_OBJC_MSGSEND = YES;
				ENABLE_USER_SCRIPT_SANDBOXING = YES;
				GCC_C_LANGUAGE_STANDARD = gnu17;
				GCC_NO_COMMON_BLOCKS = YES;
				GCC_WARN_64_TO_32_BIT_CONVERSION = YES;
				GCC_WARN_ABOUT_RETURN_TYPE = YES_ERROR;
				GCC_WARN_UNDECLARED_SELECTOR = YES;
				GCC_WARN_UNINITIALIZED_AUTOS = YES_AGGRESSIVE;
				GCC_WARN_UNUSED_FUNCTION = YES;
				GCC_WARN_UNUSED_VARIABLE = YES;
				IPHONEOS_DEPLOYMENT_TARGET = 18.5;
				LOCALIZATION_PREFERS_STRING_CATALOGS = YES;
				MTL_ENABLE_DEBUG_INFO = NO;
				MTL_FAST_MATH = YES;
				SDKROOT = iphoneos;
				SWIFT_COMPILATION_MODE = wholemodule;
				VALIDATE_PRODUCT = YES;
			};
			name = Release;
		};
		CE71154C2E6F0AB400BFCB5A /* Debug */ = {
			isa = XCBuildConfiguration;
			buildSettings = {
				ASSETCATALOG_COMPILER_APPICON_NAME = AppIcon;
				ASSETCATALOG_COMPILER_GLOBAL_ACCENT_COLOR_NAME = AccentColor;
				CODE_SIGN_ENTITLEMENTS = Entitlements.entitlements;
				CODE_SIGN_STYLE = Automatic;
				CURRENT_PROJECT_VERSION = 1;
				DEVELOPMENT_TEAM = TZCUKDMG3L;
				GENERATE_INFOPLIST_FILE = YES;
				INFOPLIST_FILE = Info.plist;
				INFOPLIST_KEY_CFBundleDisplayName = "Mercury Financial station";
				INFOPLIST_KEY_NSCameraUsageDescription = "Allow access to the camera to take photos.";
				INFOPLIST_KEY_NSPhotoLibraryUsageDescription = "Allow access to the photo library to add photos.";
				INFOPLIST_KEY_NSUserTrackingUsageDescription = "Your permission helps us measure which advertising campaigns led to app installs and evaluate marketing performance.";
				INFOPLIST_KEY_UIApplicationSupportsIndirectInputEvents = YES;
				INFOPLIST_KEY_UILaunchStoryboardName = LaunchScreen;
				INFOPLIST_KEY_UIMainStoryboardFile = LaunchScreen;
				INFOPLIST_KEY_UIStatusBarHidden = YES;
				INFOPLIST_KEY_UISupportedInterfaceOrientations = "UIInterfaceOrientationLandscapeLeft UIInterfaceOrientationLandscapeRight UIInterfaceOrientationPortrait UIInterfaceOrientationPortraitUpsideDown";
				IPHONEOS_DEPLOYMENT_TARGET = 17;
				LD_RUNPATH_SEARCH_PATHS = (
					"$(inherited)",
					"@executable_path/Frameworks",
				);
				MARKETING_VERSION = 1.1;
				PRODUCT_BUNDLE_IDENTIFIER = com.mercfin.stat;
				PRODUCT_NAME = "$(TARGET_NAME)";
				SUPPORTED_PLATFORMS = "iphoneos iphonesimulator";
				SUPPORTS_MACCATALYST = NO;
				SUPPORTS_MAC_DESIGNED_FOR_IPHONE_IPAD = NO;
				SUPPORTS_XR_DESIGNED_FOR_IPHONE_IPAD = NO;
				SWIFT_EMIT_LOC_STRINGS = YES;
				SWIFT_VERSION = 5.0;
				TARGETED_DEVICE_FAMILY = 1;
			};
			name = Debug;
		};
		CE71154D2E6F0AB400BFCB5A /* Release */ = {
			isa = XCBuildConfiguration;
			buildSettings = {
				ASSETCATALOG_COMPILER_APPICON_NAME = AppIcon;
				ASSETCATALOG_COMPILER_GLOBAL_ACCENT_COLOR_NAME = AccentColor;
				CODE_SIGN_ENTITLEMENTS = Entitlements.entitlements;
				CODE_SIGN_STYLE = Automatic;
				CURRENT_PROJECT_VERSION = 1;
				DEVELOPMENT_TEAM = TZCUKDMG3L;
				GENERATE_INFOPLIST_FILE = YES;
				INFOPLIST_FILE = Info.plist;
				INFOPLIST_KEY_CFBundleDisplayName = "Mercury Financial station";
				INFOPLIST_KEY_NSCameraUsageDescription = "Allow access to the camera to take photos.";
				INFOPLIST_KEY_NSPhotoLibraryUsageDescription = "Allow access to the photo library to add photos.";
				INFOPLIST_KEY_NSUserTrackingUsageDescription = "Your permission helps us measure which advertising campaigns led to app installs and evaluate marketing performance.";
				INFOPLIST_KEY_UIApplicationSupportsIndirectInputEvents = YES;
				INFOPLIST_KEY_UILaunchStoryboardName = LaunchScreen;
				INFOPLIST_KEY_UIMainStoryboardFile = LaunchScreen;
				INFOPLIST_KEY_UIStatusBarHidden = YES;
				INFOPLIST_KEY_UISupportedInterfaceOrientations = "UIInterfaceOrientationLandscapeLeft UIInterfaceOrientationLandscapeRight UIInterfaceOrientationPortrait UIInterfaceOrientationPortraitUpsideDown";
				IPHONEOS_DEPLOYMENT_TARGET = 17;
				LD_RUNPATH_SEARCH_PATHS = (
					"$(inherited)",
					"@executable_path/Frameworks",
				);
				MARKETING_VERSION = 1.1;
				PRODUCT_BUNDLE_IDENTIFIER = com.mercfin.stat;
				PRODUCT_NAME = "$(TARGET_NAME)";
				SUPPORTED_PLATFORMS = "iphoneos iphonesimulator";
				SUPPORTS_MACCATALYST = NO;
				SUPPORTS_MAC_DESIGNED_FOR_IPHONE_IPAD = NO;
				SUPPORTS_XR_DESIGNED_FOR_IPHONE_IPAD = NO;
				SWIFT_EMIT_LOC_STRINGS = YES;
				SWIFT_VERSION = 5.0;
				TARGETED_DEVICE_FAMILY = 1;
			};
			name = Release;
		};
/* End XCBuildConfiguration section */

/* Begin XCConfigurationList section */
		CE71152F2E6F0AB000BFCB5A /* Build configuration list for PBXProject "AppTemplate" */ = {
			isa = XCConfigurationList;
			buildConfigurations = (
				CE7115492E6F0AB400BFCB5A /* Debug */,
				CE71154A2E6F0AB400BFCB5A /* Release */,
			);
			defaultConfigurationIsVisible = 0;
			defaultConfigurationName = Release;
		};
		CE71154B2E6F0AB400BFCB5A /* Build configuration list for PBXNativeTarget "AppTemplate" */ = {
			isa = XCConfigurationList;
			buildConfigurations = (
				CE71154C2E6F0AB400BFCB5A /* Debug */,
				CE71154D2E6F0AB400BFCB5A /* Release */,
			);
			defaultConfigurationIsVisible = 0;
			defaultConfigurationName = Release;
		};
/* End XCConfigurationList section */

/* Begin XCRemoteSwiftPackageReference section */
		CE5F03582E90173A004E65F1 /* XCRemoteSwiftPackageReference "AppsFlyerFramework-Static" */ = {
			isa = XCRemoteSwiftPackageReference;
			repositoryURL = "https://github.com/AppsFlyerSDK/AppsFlyerFramework-Static";
			requirement = {
				kind = upToNextMajorVersion;
				minimumVersion = 6.17.6;
			};
		};
/* End XCRemoteSwiftPackageReference section */

/* Begin XCSwiftPackageProductDependency section */
		CE5F03592E90173A004E65F1 /* AppsFlyerLib-Static */ = {
			isa = XCSwiftPackageProductDependency;
			package = CE5F03582E90173A004E65F1 /* XCRemoteSwiftPackageReference "AppsFlyerFramework-Static" */;
			productName = "AppsFlyerLib-Static";
		};
/* End XCSwiftPackageProductDependency section */
	};
	rootObject = CE71152C2E6F0AB000BFCB5A /* Project object */;
}
